// !$*UTF8*$!
{
	archiveVersion = 1;
	classes = {
	};
	objectVersion = 51;
	objects = {

/* Begin PBXBuildFile section */
		430293DD22D5A7640029A05D /* AppDelegate.swift in Sources */ = {isa = PBXBuildFile; fileRef = 430293DC22D5A7640029A05D /* AppDelegate.swift */; };
		430293DF22D5A7640029A05D /* ViewController.swift in Sources */ = {isa = PBXBuildFile; fileRef = 430293DE22D5A7640029A05D /* ViewController.swift */; };
		430293E222D5A7640029A05D /* Main.storyboard in Resources */ = {isa = PBXBuildFile; fileRef = 430293E022D5A7640029A05D /* Main.storyboard */; };
		430293E422D5A7640029A05D /* Assets.xcassets in Resources */ = {isa = PBXBuildFile; fileRef = 430293E322D5A7640029A05D /* Assets.xcassets */; };
		430293E722D5A7640029A05D /* LaunchScreen.storyboard in Resources */ = {isa = PBXBuildFile; fileRef = 430293E522D5A7640029A05D /* LaunchScreen.storyboard */; };
		430293F222D5A7650029A05D /* TypewriterSwiftExampleTests.swift in Sources */ = {isa = PBXBuildFile; fileRef = 430293F122D5A7650029A05D /* TypewriterSwiftExampleTests.swift */; };
		439E4F7C22D63E4E00AD0B8E /* Analytics in Resources */ = {isa = PBXBuildFile; fileRef = 439E4F7B22D63E4E00AD0B8E /* Analytics */; };
/* End PBXBuildFile section */

/* Begin PBXContainerItemProxy section */
		430293EE22D5A7650029A05D /* PBXContainerItemProxy */ = {
			isa = PBXContainerItemProxy;
			containerPortal = 430293D122D5A7640029A05D /* Project object */;
			proxyType = 1;
			remoteGlobalIDString = 430293D822D5A7640029A05D;
			remoteInfo = TypewriterSwiftExample;
		};
/* End PBXContainerItemProxy section */

/* Begin PBXFileReference section */
		3728722EE149734B0B5D3C14 /* Pods-TypewriterSwiftExample.debug.xcconfig */ = {isa = PBXFileReference; includeInIndex = 1; lastKnownFileType = text.xcconfig; name = "Pods-TypewriterSwiftExample.debug.xcconfig"; path = "Target Support Files/Pods-TypewriterSwiftExample/Pods-TypewriterSwiftExample.debug.xcconfig"; sourceTree = "<group>"; };
		430293D922D5A7640029A05D /* TypewriterSwiftExample.app */ = {isa = PBXFileReference; explicitFileType = wrapper.application; includeInIndex = 0; path = TypewriterSwiftExample.app; sourceTree = BUILT_PRODUCTS_DIR; };
		430293DC22D5A7640029A05D /* AppDelegate.swift */ = {isa = PBXFileReference; lastKnownFileType = sourcecode.swift; path = AppDelegate.swift; sourceTree = "<group>"; };
		430293DE22D5A7640029A05D /* ViewController.swift */ = {isa = PBXFileReference; lastKnownFileType = sourcecode.swift; path = ViewController.swift; sourceTree = "<group>"; };
		430293E122D5A7640029A05D /* Base */ = {isa = PBXFileReference; lastKnownFileType = file.storyboard; name = Base; path = Base.lproj/Main.storyboard; sourceTree = "<group>"; };
		430293E322D5A7640029A05D /* Assets.xcassets */ = {isa = PBXFileReference; lastKnownFileType = folder.assetcatalog; path = Assets.xcassets; sourceTree = "<group>"; };
		430293E622D5A7640029A05D /* Base */ = {isa = PBXFileReference; lastKnownFileType = file.storyboard; name = Base; path = Base.lproj/LaunchScreen.storyboard; sourceTree = "<group>"; };
		430293E822D5A7640029A05D /* Info.plist */ = {isa = PBXFileReference; lastKnownFileType = text.plist.xml; path = Info.plist; sourceTree = "<group>"; };
		430293ED22D5A7650029A05D /* TypewriterSwiftExampleTests.xctest */ = {isa = PBXFileReference; explicitFileType = wrapper.cfbundle; includeInIndex = 0; path = TypewriterSwiftExampleTests.xctest; sourceTree = BUILT_PRODUCTS_DIR; };
		430293F122D5A7650029A05D /* TypewriterSwiftExampleTests.swift */ = {isa = PBXFileReference; lastKnownFileType = sourcecode.swift; path = TypewriterSwiftExampleTests.swift; sourceTree = "<group>"; };
		430293F322D5A7650029A05D /* Info.plist */ = {isa = PBXFileReference; lastKnownFileType = text.plist.xml; path = Info.plist; sourceTree = "<group>"; };
		439E4F7B22D63E4E00AD0B8E /* Analytics */ = {isa = PBXFileReference; lastKnownFileType = folder; path = Analytics; sourceTree = "<group>"; };
		43AAA3E622D64138001E9C1B /* TypewriterSwiftExample-Bridging-Header.h */ = {isa = PBXFileReference; lastKnownFileType = sourcecode.c.h; path = "TypewriterSwiftExample-Bridging-Header.h"; sourceTree = "<group>"; };
		A697B27DCCCD1525F67DD71B /* Pods-TypewriterSwiftExampleTests.debug.xcconfig */ = {isa = PBXFileReference; includeInIndex = 1; lastKnownFileType = text.xcconfig; name = "Pods-TypewriterSwiftExampleTests.debug.xcconfig"; path = "Target Support Files/Pods-TypewriterSwiftExampleTests/Pods-TypewriterSwiftExampleTests.debug.xcconfig"; sourceTree = "<group>"; };
		AC0E8B7316FF43D5AECE5F3B /* Pods-TypewriterSwiftExampleTests.release.xcconfig */ = {isa = PBXFileReference; includeInIndex = 1; lastKnownFileType = text.xcconfig; name = "Pods-TypewriterSwiftExampleTests.release.xcconfig"; path = "Target Support Files/Pods-TypewriterSwiftExampleTests/Pods-TypewriterSwiftExampleTests.release.xcconfig"; sourceTree = "<group>"; };
		EE8EA274336B1B50F6F0053F /* Pods-TypewriterSwiftExample.release.xcconfig */ = {isa = PBXFileReference; includeInIndex = 1; lastKnownFileType = text.xcconfig; name = "Pods-TypewriterSwiftExample.release.xcconfig"; path = "Target Support Files/Pods-TypewriterSwiftExample/Pods-TypewriterSwiftExample.release.xcconfig"; sourceTree = "<group>"; };
/* End PBXFileReference section */

/* Begin PBXFrameworksBuildPhase section */
		430293D622D5A7640029A05D /* Frameworks */ = {
			isa = PBXFrameworksBuildPhase;
			buildActionMask = 2147483647;
			files = (
			);
			runOnlyForDeploymentPostprocessing = 0;
		};
		430293EA22D5A7650029A05D /* Frameworks */ = {
			isa = PBXFrameworksBuildPhase;
			buildActionMask = 2147483647;
			files = (
			);
			runOnlyForDeploymentPostprocessing = 0;
		};
/* End PBXFrameworksBuildPhase section */

/* Begin PBXGroup section */
		430293D022D5A7640029A05D = {
			isa = PBXGroup;
			children = (
				430293DB22D5A7640029A05D /* TypewriterSwiftExample */,
				430293F022D5A7650029A05D /* TypewriterSwiftExampleTests */,
				430293DA22D5A7640029A05D /* Products */,
				53CE29137994347DB8178B9C /* Pods */,
			);
			sourceTree = "<group>";
		};
		430293DA22D5A7640029A05D /* Products */ = {
			isa = PBXGroup;
			children = (
				430293D922D5A7640029A05D /* TypewriterSwiftExample.app */,
				430293ED22D5A7650029A05D /* TypewriterSwiftExampleTests.xctest */,
			);
			name = Products;
			sourceTree = "<group>";
		};
		430293DB22D5A7640029A05D /* TypewriterSwiftExample */ = {
			isa = PBXGroup;
			children = (
				43AAA3E622D64138001E9C1B /* TypewriterSwiftExample-Bridging-Header.h */,
				439E4F7B22D63E4E00AD0B8E /* Analytics */,
				430293DC22D5A7640029A05D /* AppDelegate.swift */,
				430293DE22D5A7640029A05D /* ViewController.swift */,
				430293E022D5A7640029A05D /* Main.storyboard */,
				430293E322D5A7640029A05D /* Assets.xcassets */,
				430293E522D5A7640029A05D /* LaunchScreen.storyboard */,
				430293E822D5A7640029A05D /* Info.plist */,
			);
			path = TypewriterSwiftExample;
			sourceTree = "<group>";
		};
		430293F022D5A7650029A05D /* TypewriterSwiftExampleTests */ = {
			isa = PBXGroup;
			children = (
				430293F122D5A7650029A05D /* TypewriterSwiftExampleTests.swift */,
				430293F322D5A7650029A05D /* Info.plist */,
			);
			path = TypewriterSwiftExampleTests;
			sourceTree = "<group>";
		};
		53CE29137994347DB8178B9C /* Pods */ = {
			isa = PBXGroup;
			children = (
				3728722EE149734B0B5D3C14 /* Pods-TypewriterSwiftExample.debug.xcconfig */,
				EE8EA274336B1B50F6F0053F /* Pods-TypewriterSwiftExample.release.xcconfig */,
				A697B27DCCCD1525F67DD71B /* Pods-TypewriterSwiftExampleTests.debug.xcconfig */,
				AC0E8B7316FF43D5AECE5F3B /* Pods-TypewriterSwiftExampleTests.release.xcconfig */,
			);
			path = Pods;
			sourceTree = "<group>";
		};
/* End PBXGroup section */

/* Begin PBXNativeTarget section */
		430293D822D5A7640029A05D /* TypewriterSwiftExample */ = {
			isa = PBXNativeTarget;
			buildConfigurationList = 430293F622D5A7650029A05D /* Build configuration list for PBXNativeTarget "TypewriterSwiftExample" */;
			buildPhases = (
				0E5F18F8A246B0B58D26E4D9 /* [CP] Check Pods Manifest.lock */,
				430293D522D5A7640029A05D /* Sources */,
				430293D622D5A7640029A05D /* Frameworks */,
				430293D722D5A7640029A05D /* Resources */,
				DB48AD420C39F673DF141BC6 /* [CP] Embed Pods Frameworks */,
			);
			buildRules = (
			);
			dependencies = (
			);
			name = TypewriterSwiftExample;
			productName = TypewriterSwiftExample;
			productReference = 430293D922D5A7640029A05D /* TypewriterSwiftExample.app */;
			productType = "com.apple.product-type.application";
		};
		430293EC22D5A7650029A05D /* TypewriterSwiftExampleTests */ = {
			isa = PBXNativeTarget;
			buildConfigurationList = 430293F922D5A7650029A05D /* Build configuration list for PBXNativeTarget "TypewriterSwiftExampleTests" */;
			buildPhases = (
				AC142D2C1410EA8EB8D3968E /* [CP] Check Pods Manifest.lock */,
				430293E922D5A7650029A05D /* Sources */,
				430293EA22D5A7650029A05D /* Frameworks */,
				430293EB22D5A7650029A05D /* Resources */,
			);
			buildRules = (
			);
			dependencies = (
				430293EF22D5A7650029A05D /* PBXTargetDependency */,
			);
			name = TypewriterSwiftExampleTests;
			productName = TypewriterSwiftExampleTests;
			productReference = 430293ED22D5A7650029A05D /* TypewriterSwiftExampleTests.xctest */;
			productType = "com.apple.product-type.bundle.unit-test";
		};
/* End PBXNativeTarget section */

/* Begin PBXProject section */
		430293D122D5A7640029A05D /* Project object */ = {
			isa = PBXProject;
			attributes = {
				LastSwiftUpdateCheck = 1020;
				LastUpgradeCheck = 1020;
				ORGANIZATIONNAME = "Colin King";
				TargetAttributes = {
					430293D822D5A7640029A05D = {
						CreatedOnToolsVersion = 10.2.1;
					};
					430293EC22D5A7650029A05D = {
						CreatedOnToolsVersion = 10.2.1;
						TestTargetID = 430293D822D5A7640029A05D;
					};
				};
			};
			buildConfigurationList = 430293D422D5A7640029A05D /* Build configuration list for PBXProject "TypewriterSwiftExample" */;
			compatibilityVersion = "Xcode 9.3";
			developmentRegion = en;
			hasScannedForEncodings = 0;
			knownRegions = (
				en,
				Base,
			);
			mainGroup = 430293D022D5A7640029A05D;
			productRefGroup = 430293DA22D5A7640029A05D /* Products */;
			projectDirPath = "";
			projectRoot = "";
			targets = (
				430293D822D5A7640029A05D /* TypewriterSwiftExample */,
				430293EC22D5A7650029A05D /* TypewriterSwiftExampleTests */,
			);
		};
/* End PBXProject section */

/* Begin PBXResourcesBuildPhase section */
		430293D722D5A7640029A05D /* Resources */ = {
			isa = PBXResourcesBuildPhase;
			buildActionMask = 2147483647;
			files = (
				430293E722D5A7640029A05D /* LaunchScreen.storyboard in Resources */,
				439E4F7C22D63E4E00AD0B8E /* Analytics in Resources */,
				430293E422D5A7640029A05D /* Assets.xcassets in Resources */,
				430293E222D5A7640029A05D /* Main.storyboard in Resources */,
			);
			runOnlyForDeploymentPostprocessing = 0;
		};
		430293EB22D5A7650029A05D /* Resources */ = {
			isa = PBXResourcesBuildPhase;
			buildActionMask = 2147483647;
			files = (
			);
			runOnlyForDeploymentPostprocessing = 0;
		};
/* End PBXResourcesBuildPhase section */

/* Begin PBXShellScriptBuildPhase section */
		0E5F18F8A246B0B58D26E4D9 /* [CP] Check Pods Manifest.lock */ = {
			isa = PBXShellScriptBuildPhase;
			buildActionMask = 2147483647;
			files = (
			);
			inputFileListPaths = (
			);
			inputPaths = (
				"${PODS_PODFILE_DIR_PATH}/Podfile.lock",
				"${PODS_ROOT}/Manifest.lock",
			);
			name = "[CP] Check Pods Manifest.lock";
			outputFileListPaths = (
			);
			outputPaths = (
				"$(DERIVED_FILE_DIR)/Pods-TypewriterSwiftExample-checkManifestLockResult.txt",
			);
			runOnlyForDeploymentPostprocessing = 0;
			shellPath = /bin/sh;
			shellScript = "diff \"${PODS_PODFILE_DIR_PATH}/Podfile.lock\" \"${PODS_ROOT}/Manifest.lock\" > /dev/null\nif [ $? != 0 ] ; then\n    # print error to STDERR\n    echo \"error: The sandbox is not in sync with the Podfile.lock. Run 'pod install' or update your CocoaPods installation.\" >&2\n    exit 1\nfi\n# This output is used by Xcode 'outputs' to avoid re-running this script phase.\necho \"SUCCESS\" > \"${SCRIPT_OUTPUT_FILE_0}\"\n";
			showEnvVarsInLog = 0;
		};
		AC142D2C1410EA8EB8D3968E /* [CP] Check Pods Manifest.lock */ = {
			isa = PBXShellScriptBuildPhase;
			buildActionMask = 2147483647;
			files = (
			);
			inputFileListPaths = (
			);
			inputPaths = (
				"${PODS_PODFILE_DIR_PATH}/Podfile.lock",
				"${PODS_ROOT}/Manifest.lock",
			);
			name = "[CP] Check Pods Manifest.lock";
			outputFileListPaths = (
			);
			outputPaths = (
				"$(DERIVED_FILE_DIR)/Pods-TypewriterSwiftExampleTests-checkManifestLockResult.txt",
			);
			runOnlyForDeploymentPostprocessing = 0;
			shellPath = /bin/sh;
			shellScript = "diff \"${PODS_PODFILE_DIR_PATH}/Podfile.lock\" \"${PODS_ROOT}/Manifest.lock\" > /dev/null\nif [ $? != 0 ] ; then\n    # print error to STDERR\n    echo \"error: The sandbox is not in sync with the Podfile.lock. Run 'pod install' or update your CocoaPods installation.\" >&2\n    exit 1\nfi\n# This output is used by Xcode 'outputs' to avoid re-running this script phase.\necho \"SUCCESS\" > \"${SCRIPT_OUTPUT_FILE_0}\"\n";
			showEnvVarsInLog = 0;
		};
		DB48AD420C39F673DF141BC6 /* [CP] Embed Pods Frameworks */ = {
			isa = PBXShellScriptBuildPhase;
			buildActionMask = 2147483647;
			files = (
			);
			inputFileListPaths = (
				"${PODS_ROOT}/Target Support Files/Pods-TypewriterSwiftExample/Pods-TypewriterSwiftExample-frameworks-${CONFIGURATION}-input-files.xcfilelist",
			);
			name = "[CP] Embed Pods Frameworks";
			outputFileListPaths = (
				"${PODS_ROOT}/Target Support Files/Pods-TypewriterSwiftExample/Pods-TypewriterSwiftExample-frameworks-${CONFIGURATION}-output-files.xcfilelist",
			);
			runOnlyForDeploymentPostprocessing = 0;
			shellPath = /bin/sh;
			shellScript = "\"${PODS_ROOT}/Target Support Files/Pods-TypewriterSwiftExample/Pods-TypewriterSwiftExample-frameworks.sh\"\n";
			showEnvVarsInLog = 0;
		};
/* End PBXShellScriptBuildPhase section */

/* Begin PBXSourcesBuildPhase section */
		430293D522D5A7640029A05D /* Sources */ = {
			isa = PBXSourcesBuildPhase;
			buildActionMask = 2147483647;
			files = (
				430293DF22D5A7640029A05D /* ViewController.swift in Sources */,
				430293DD22D5A7640029A05D /* AppDelegate.swift in Sources */,
			);
			runOnlyForDeploymentPostprocessing = 0;
		};
		430293E922D5A7650029A05D /* Sources */ = {
			isa = PBXSourcesBuildPhase;
			buildActionMask = 2147483647;
			files = (
				430293F222D5A7650029A05D /* TypewriterSwiftExampleTests.swift in Sources */,
			);
			runOnlyForDeploymentPostprocessing = 0;
		};
/* End PBXSourcesBuildPhase section */

/* Begin PBXTargetDependency section */
		430293EF22D5A7650029A05D /* PBXTargetDependency */ = {
			isa = PBXTargetDependency;
			target = 430293D822D5A7640029A05D /* TypewriterSwiftExample */;
			targetProxy = 430293EE22D5A7650029A05D /* PBXContainerItemProxy */;
		};
/* End PBXTargetDependency section */

/* Begin PBXVariantGroup section */
		430293E022D5A7640029A05D /* Main.storyboard */ = {
			isa = PBXVariantGroup;
			children = (
				430293E122D5A7640029A05D /* Base */,
			);
			name = Main.storyboard;
			sourceTree = "<group>";
		};
		430293E522D5A7640029A05D /* LaunchScreen.storyboard */ = {
			isa = PBXVariantGroup;
			children = (
				430293E622D5A7640029A05D /* Base */,
			);
			name = LaunchScreen.storyboard;
			sourceTree = "<group>";
		};
/* End PBXVariantGroup section */

/* Begin XCBuildConfiguration section */
		430293F422D5A7650029A05D /* Debug */ = {
			isa = XCBuildConfiguration;
			buildSettings = {
				ALWAYS_SEARCH_USER_PATHS = NO;
				CLANG_ANALYZER_NONNULL = YES;
				CLANG_ANALYZER_NUMBER_OBJECT_CONVERSION = YES_AGGRESSIVE;
				CLANG_CXX_LANGUAGE_STANDARD = "gnu++14";
				CLANG_CXX_LIBRARY = "libc++";
				CLANG_ENABLE_MODULES = YES;
				CLANG_ENABLE_OBJC_ARC = YES;
				CLANG_ENABLE_OBJC_WEAK = YES;
				CLANG_WARN_BLOCK_CAPTURE_AUTORELEASING = YES;
				CLANG_WARN_BOOL_CONVERSION = YES;
				CLANG_WARN_COMMA = YES;
				CLANG_WARN_CONSTANT_CONVERSION = YES;
				CLANG_WARN_DEPRECATED_OBJC_IMPLEMENTATIONS = YES;
				CLANG_WARN_DIRECT_OBJC_ISA_USAGE = YES_ERROR;
				CLANG_WARN_DOCUMENTATION_COMMENTS = YES;
				CLANG_WARN_EMPTY_BODY = YES;
				CLANG_WARN_ENUM_CONVERSION = YES;
				CLANG_WARN_INFINITE_RECURSION = YES;
				CLANG_WARN_INT_CONVERSION = YES;
				CLANG_WARN_NON_LITERAL_NULL_CONVERSION = YES;
				CLANG_WARN_OBJC_IMPLICIT_RETAIN_SELF = YES;
				CLANG_WARN_OBJC_LITERAL_CONVERSION = YES;
				CLANG_WARN_OBJC_ROOT_CLASS = YES_ERROR;
				CLANG_WARN_RANGE_LOOP_ANALYSIS = YES;
				CLANG_WARN_STRICT_PROTOTYPES = YES;
				CLANG_WARN_SUSPICIOUS_MOVE = YES;
				CLANG_WARN_UNGUARDED_AVAILABILITY = YES_AGGRESSIVE;
				CLANG_WARN_UNREACHABLE_CODE = YES;
				CLANG_WARN__DUPLICATE_METHOD_MATCH = YES;
				CODE_SIGN_IDENTITY = "iPhone Developer";
				COPY_PHASE_STRIP = NO;
				DEBUG_INFORMATION_FORMAT = dwarf;
				ENABLE_STRICT_OBJC_MSGSEND = YES;
				ENABLE_TESTABILITY = YES;
				GCC_C_LANGUAGE_STANDARD = gnu11;
				GCC_DYNAMIC_NO_PIC = NO;
				GCC_NO_COMMON_BLOCKS = YES;
				GCC_OPTIMIZATION_LEVEL = 0;
				GCC_PREPROCESSOR_DEFINITIONS = (
					"DEBUG=1",
					"$(inherited)",
				);
				GCC_WARN_64_TO_32_BIT_CONVERSION = YES;
				GCC_WARN_ABOUT_RETURN_TYPE = YES_ERROR;
				GCC_WARN_UNDECLARED_SELECTOR = YES;
				GCC_WARN_UNINITIALIZED_AUTOS = YES_AGGRESSIVE;
				GCC_WARN_UNUSED_FUNCTION = YES;
				GCC_WARN_UNUSED_VARIABLE = YES;
				IPHONEOS_DEPLOYMENT_TARGET = 12.2;
				MTL_ENABLE_DEBUG_INFO = INCLUDE_SOURCE;
				MTL_FAST_MATH = YES;
				ONLY_ACTIVE_ARCH = YES;
				SDKROOT = iphoneos;
				SWIFT_ACTIVE_COMPILATION_CONDITIONS = DEBUG;
				SWIFT_OPTIMIZATION_LEVEL = "-Onone";
			};
			name = Debug;
		};
		430293F522D5A7650029A05D /* Release */ = {
			isa = XCBuildConfiguration;
			buildSettings = {
				ALWAYS_SEARCH_USER_PATHS = NO;
				CLANG_ANALYZER_NONNULL = YES;
				CLANG_ANALYZER_NUMBER_OBJECT_CONVERSION = YES_AGGRESSIVE;
				CLANG_CXX_LANGUAGE_STANDARD = "gnu++14";
				CLANG_CXX_LIBRARY = "libc++";
				CLANG_ENABLE_MODULES = YES;
				CLANG_ENABLE_OBJC_ARC = YES;
				CLANG_ENABLE_OBJC_WEAK = YES;
				CLANG_WARN_BLOCK_CAPTURE_AUTORELEASING = YES;
				CLANG_WARN_BOOL_CONVERSION = YES;
				CLANG_WARN_COMMA = YES;
				CLANG_WARN_CONSTANT_CONVERSION = YES;
				CLANG_WARN_DEPRECATED_OBJC_IMPLEMENTATIONS = YES;
				CLANG_WARN_DIRECT_OBJC_ISA_USAGE = YES_ERROR;
				CLANG_WARN_DOCUMENTATION_COMMENTS = YES;
				CLANG_WARN_EMPTY_BODY = YES;
				CLANG_WARN_ENUM_CONVERSION = YES;
				CLANG_WARN_INFINITE_RECURSION = YES;
				CLANG_WARN_INT_CONVERSION = YES;
				CLANG_WARN_NON_LITERAL_NULL_CONVERSION = YES;
				CLANG_WARN_OBJC_IMPLICIT_RETAIN_SELF = YES;
				CLANG_WARN_OBJC_LITERAL_CONVERSION = YES;
				CLANG_WARN_OBJC_ROOT_CLASS = YES_ERROR;
				CLANG_WARN_RANGE_LOOP_ANALYSIS = YES;
				CLANG_WARN_STRICT_PROTOTYPES = YES;
				CLANG_WARN_SUSPICIOUS_MOVE = YES;
				CLANG_WARN_UNGUARDED_AVAILABILITY = YES_AGGRESSIVE;
				CLANG_WARN_UNREACHABLE_CODE = YES;
				CLANG_WARN__DUPLICATE_METHOD_MATCH = YES;
				CODE_SIGN_IDENTITY = "iPhone Developer";
				COPY_PHASE_STRIP = NO;
				DEBUG_INFORMATION_FORMAT = "dwarf-with-dsym";
				ENABLE_NS_ASSERTIONS = NO;
				ENABLE_STRICT_OBJC_MSGSEND = YES;
				GCC_C_LANGUAGE_STANDARD = gnu11;
				GCC_NO_COMMON_BLOCKS = YES;
				GCC_WARN_64_TO_32_BIT_CONVERSION = YES;
				GCC_WARN_ABOUT_RETURN_TYPE = YES_ERROR;
				GCC_WARN_UNDECLARED_SELECTOR = YES;
				GCC_WARN_UNINITIALIZED_AUTOS = YES_AGGRESSIVE;
				GCC_WARN_UNUSED_FUNCTION = YES;
				GCC_WARN_UNUSED_VARIABLE = YES;
				IPHONEOS_DEPLOYMENT_TARGET = 12.2;
				MTL_ENABLE_DEBUG_INFO = NO;
				MTL_FAST_MATH = YES;
				SDKROOT = iphoneos;
				SWIFT_COMPILATION_MODE = wholemodule;
				SWIFT_OPTIMIZATION_LEVEL = "-O";
				VALIDATE_PRODUCT = YES;
			};
			name = Release;
		};
		430293F722D5A7650029A05D /* Debug */ = {
			isa = XCBuildConfiguration;
			baseConfigurationReference = 3728722EE149734B0B5D3C14 /* Pods-TypewriterSwiftExample.debug.xcconfig */;
			buildSettings = {
				ASSETCATALOG_COMPILER_APPICON_NAME = AppIcon;
				CODE_SIGN_STYLE = Automatic;
				DEVELOPMENT_TEAM = 33QFCS9J52;
				INFOPLIST_FILE = TypewriterSwiftExample/Info.plist;
				LD_RUNPATH_SEARCH_PATHS = (
					"$(inherited)",
					"@executable_path/Frameworks",
				);
				PRODUCT_BUNDLE_IDENTIFIER = com.segment.TypewriterSwiftExample;
				PRODUCT_NAME = "$(TARGET_NAME)";
				SWIFT_OBJC_BRIDGING_HEADER = "$(SRCROOT)/$(PROJECT_NAME)/$(SWIFT_MODULE_NAME)-Bridging-Header.h";
				SWIFT_VERSION = 5.0;
				TARGETED_DEVICE_FAMILY = "1,2";
			};
			name = Debug;
		};
		430293F822D5A7650029A05D /* Release */ = {
			isa = XCBuildConfiguration;
			baseConfigurationReference = EE8EA274336B1B50F6F0053F /* Pods-TypewriterSwiftExample.release.xcconfig */;
			buildSettings = {
				ASSETCATALOG_COMPILER_APPICON_NAME = AppIcon;
				CODE_SIGN_STYLE = Automatic;
				DEVELOPMENT_TEAM = 33QFCS9J52;
				INFOPLIST_FILE = TypewriterSwiftExample/Info.plist;
				LD_RUNPATH_SEARCH_PATHS = (
					"$(inherited)",
					"@executable_path/Frameworks",
				);
				PRODUCT_BUNDLE_IDENTIFIER = com.segment.TypewriterSwiftExample;
				PRODUCT_NAME = "$(TARGET_NAME)";
				SWIFT_OBJC_BRIDGING_HEADER = "$(SRCROOT)/$(PROJECT_NAME)/$(SWIFT_MODULE_NAME)-Bridging-Header.h";
				SWIFT_VERSION = 5.0;
				TARGETED_DEVICE_FAMILY = "1,2";
			};
			name = Release;
		};
		430293FA22D5A7650029A05D /* Debug */ = {
			isa = XCBuildConfiguration;
			baseConfigurationReference = A697B27DCCCD1525F67DD71B /* Pods-TypewriterSwiftExampleTests.debug.xcconfig */;
			buildSettings = {
				ALWAYS_EMBED_SWIFT_STANDARD_LIBRARIES = YES;
				BUNDLE_LOADER = "$(TEST_HOST)";
				CODE_SIGN_STYLE = Automatic;
				DEVELOPMENT_TEAM = 33QFCS9J52;
				INFOPLIST_FILE = TypewriterSwiftExampleTests/Info.plist;
				LD_RUNPATH_SEARCH_PATHS = (
					"$(inherited)",
					"@executable_path/Frameworks",
					"@loader_path/Frameworks",
				);
				PRODUCT_BUNDLE_IDENTIFIER = com.segment.TypewriterSwiftExampleTests;
				PRODUCT_NAME = "$(TARGET_NAME)";
				SWIFT_VERSION = 5.0;
				TARGETED_DEVICE_FAMILY = "1,2";
				TEST_HOST = "$(BUILT_PRODUCTS_DIR)/TypewriterSwiftExample.app/TypewriterSwiftExample";
			};
			name = Debug;
		};
		430293FB22D5A7650029A05D /* Release */ = {
			isa = XCBuildConfiguration;
			baseConfigurationReference = AC0E8B7316FF43D5AECE5F3B /* Pods-TypewriterSwiftExampleTests.release.xcconfig */;
			buildSettings = {
				ALWAYS_EMBED_SWIFT_STANDARD_LIBRARIES = YES;
				BUNDLE_LOADER = "$(TEST_HOST)";
				CODE_SIGN_STYLE = Automatic;
				DEVELOPMENT_TEAM = 33QFCS9J52;
				INFOPLIST_FILE = TypewriterSwiftExampleTests/Info.plist;
				LD_RUNPATH_SEARCH_PATHS = (
					"$(inherited)",
					"@executable_path/Frameworks",
					"@loader_path/Frameworks",
				);
				PRODUCT_BUNDLE_IDENTIFIER = com.segment.TypewriterSwiftExampleTests;
				PRODUCT_NAME = "$(TARGET_NAME)";
				SWIFT_VERSION = 5.0;
				TARGETED_DEVICE_FAMILY = "1,2";
				TEST_HOST = "$(BUILT_PRODUCTS_DIR)/TypewriterSwiftExample.app/TypewriterSwiftExample";
			};
			name = Release;
		};
/* End XCBuildConfiguration section */

/* Begin XCConfigurationList section */
		430293D422D5A7640029A05D /* Build configuration list for PBXProject "TypewriterSwiftExample" */ = {
			isa = XCConfigurationList;
			buildConfigurations = (
				430293F422D5A7650029A05D /* Debug */,
				430293F522D5A7650029A05D /* Release */,
			);
			defaultConfigurationIsVisible = 0;
			defaultConfigurationName = Release;
		};
		430293F622D5A7650029A05D /* Build configuration list for PBXNativeTarget "TypewriterSwiftExample" */ = {
			isa = XCConfigurationList;
			buildConfigurations = (
				430293F722D5A7650029A05D /* Debug */,
				430293F822D5A7650029A05D /* Release */,
			);
			defaultConfigurationIsVisible = 0;
			defaultConfigurationName = Release;
		};
		430293F922D5A7650029A05D /* Build configuration list for PBXNativeTarget "TypewriterSwiftExampleTests" */ = {
			isa = XCConfigurationList;
			buildConfigurations = (
				430293FA22D5A7650029A05D /* Debug */,
				430293FB22D5A7650029A05D /* Release */,
			);
			defaultConfigurationIsVisible = 0;
			defaultConfigurationName = Release;
		};
/* End XCConfigurationList section */
	};
	rootObject = 430293D122D5A7640029A05D /* Project object */;
}
