# This file is autogenerated, do not edit; changes may be undone by the next 'dep ensure'.


[[projects]]
  digest = "1:fceac7b84ff0319c9b9775647e6b30758bb0e8550852cf88a2a5f3e43d6dbbf8"
  name = "github.com/segmentio/analytics-go"
  packages = ["."]
  pruneopts = "UT"
  revision = "3b00f71eadd594f41e9b6af6d5198aca38ccaca5"
  version = "v3.0.1"

[[projects]]
  branch = "master"
  digest = "1:ec22607298efbafb122c4e4b2ca8ceb6c4ec1ba72e74705b84f9f2ce8ee77984"
  name = "github.com/segmentio/backo-go"
  packages = ["."]
  pruneopts = "UT"
  revision = "204274ad699c0983a70203a566887f17a717fef4"

[[projects]]
  digest = "1:c2a594011eed07da14918c519a5b1d08e4bafb2497037f6a426dc310428df4d3"
  name = "github.com/segmentio/ksuid"
  packages = ["."]
  pruneopts = "UT"
  revision = "ffd9a8aaaf8f40792e055371eba06542348e991e"
  version = "v1.0.2"

[[projects]]
  branch = "master"
  digest = "1:2f9538da7381bb981fb8451b2b0fb304c2bc7f1724228dc336a8f002e6fec704"
  name = "github.com/xtgo/uuid"
  packages = ["."]
  pruneopts = "UT"
  revision = "a0b114877d4caeffbd7f87e3757c17fce570fea7"

[solve-meta]
  analyzer-name = "dep"
  analyzer-version = 1
  input-imports = [
    "github.com/segmentio/analytics-go",
    "github.com/segmentio/ksuid",
  ]
  solver-name = "gps-cdcl"
  solver-version = 1
