# THIS IS AN AUTOGENERATED FILE. DO NOT EDIT THIS FILE DIRECTLY.
# yarn lockfile v1


"@segment/loosely-validate-event@^2.0.0":
  version "2.0.0"
  resolved "https://registry.yarnpkg.com/@segment/loosely-validate-event/-/loosely-validate-event-2.0.0.tgz#87dfc979e5b4e7b82c5f1d8b722dfd5d77644681"
  integrity sha512-ZMCSfztDBqwotkl848ODgVcAmN4OItEWDCkshcKz0/W6gGSQayuuCtWV/MlodFivAZD793d6UgANd6wCXUfrIw==
  dependencies:
    component-type "^1.2.1"
    join-component "^1.1.0"

analytics-node@^3.3.0:
  version "3.3.0"
  resolved "https://registry.yarnpkg.com/analytics-node/-/analytics-node-3.3.0.tgz#7fb4be288c253d00857e840bf9ef642b64313ac0"
  integrity sha512-wxrsmibvZVysy5CfkLItYrYMGbNVXDBccWurz+hgLUg98pbijiS2/QQdRc0SjHWVEqByxReEJ2T2MGhgb4jk3A==
  dependencies:
    "@segment/loosely-validate-event" "^2.0.0"
    axios "^0.17.1"
    axios-retry "^3.0.2"
    commander "^2.9.0"
    lodash.isstring "^4.0.1"
    md5 "^2.2.1"
    ms "^2.0.0"
    remove-trailing-slash "^0.1.0"
    uuid "^3.2.1"

axios-retry@^3.0.2:
  version "3.1.2"
  resolved "https://registry.yarnpkg.com/axios-retry/-/axios-retry-3.1.2.tgz#4f4dcbefb0b434e22b72bd5e28a027d77b8a3458"
  integrity sha512-+X0mtJ3S0mmia1kTVi1eA3DAC+oWnT2A29g3CpkzcBPMT6vJm+hn/WiV9wPt/KXLHVmg5zev9mWqkPx7bHMovg==
  dependencies:
    is-retry-allowed "^1.1.0"

axios@^0.17.1:
  version "0.17.1"
  resolved "https://registry.yarnpkg.com/axios/-/axios-0.17.1.tgz#2d8e3e5d0bdbd7327f91bc814f5c57660f81824d"
  integrity sha1-LY4+XQvb1zJ/kbyBT1xXZg+Bgk0=
  dependencies:
    follow-redirects "^1.2.5"
    is-buffer "^1.1.5"

charenc@~0.0.1:
  version "0.0.2"
  resolved "https://registry.yarnpkg.com/charenc/-/charenc-0.0.2.tgz#c0a1d2f3a7092e03774bfa83f14c0fc5790a8667"
  integrity sha1-wKHS86cJLgN3S/qD8UwPxXkKhmc=

commander@^2.9.0:
  version "2.20.0"
  resolved "https://registry.yarnpkg.com/commander/-/commander-2.20.0.tgz#d58bb2b5c1ee8f87b0d340027e9e94e222c5a422"
  integrity sha512-7j2y+40w61zy6YC2iRNpUe/NwhNyoXrYpHMrSunaMG64nRnaf96zO/KMQR4OyN/UnE5KLyEBnKHd4aG3rskjpQ==

component-type@^1.2.1:
  version "1.2.1"
  resolved "https://registry.yarnpkg.com/component-type/-/component-type-1.2.1.tgz#8a47901700238e4fc32269771230226f24b415a9"
  integrity sha1-ikeQFwAjjk/DIml3EjAibyS0Fak=

crypt@~0.0.1:
  version "0.0.2"
  resolved "https://registry.yarnpkg.com/crypt/-/crypt-0.0.2.tgz#88d7ff7ec0dfb86f713dc87bbb42d044d3e6c41b"
  integrity sha1-iNf/fsDfuG9xPch7u0LQRNPmxBs=

debug@^3.2.6:
  version "3.2.6"
  resolved "https://registry.yarnpkg.com/debug/-/debug-3.2.6.tgz#e83d17de16d8a7efb7717edbe5fb10135eee629b"
  integrity sha512-mel+jf7nrtEl5Pn1Qx46zARXKDpBbvzezse7p7LqINmdoIk8PYP5SySaxEmYv6TZ0JyEKA1hsCId6DIhgITtWQ==
  dependencies:
    ms "^2.1.1"

follow-redirects@^1.2.5:
  version "1.7.0"
  resolved "https://registry.yarnpkg.com/follow-redirects/-/follow-redirects-1.7.0.tgz#489ebc198dc0e7f64167bd23b03c4c19b5784c76"
  integrity sha512-m/pZQy4Gj287eNy94nivy5wchN3Kp+Q5WgUPNy5lJSZ3sgkVKSYV/ZChMAQVIgx1SqfZ2zBZtPA2YlXIWxxJOQ==
  dependencies:
    debug "^3.2.6"

is-buffer@^1.1.5, is-buffer@~1.1.1:
  version "1.1.6"
  resolved "https://registry.yarnpkg.com/is-buffer/-/is-buffer-1.1.6.tgz#efaa2ea9daa0d7ab2ea13a97b2b8ad51fefbe8be"
  integrity sha512-NcdALwpXkTm5Zvvbk7owOUSvVvBKDgKP5/ewfXEznmQFfs4ZRmanOeKBTjRVjka3QFoN6XJ+9F3USqfHqTaU5w==

is-retry-allowed@^1.1.0:
  version "1.1.0"
  resolved "https://registry.yarnpkg.com/is-retry-allowed/-/is-retry-allowed-1.1.0.tgz#11a060568b67339444033d0125a61a20d564fb34"
  integrity sha1-EaBgVotnM5REAz0BJaYaINVk+zQ=

join-component@^1.1.0:
  version "1.1.0"
  resolved "https://registry.yarnpkg.com/join-component/-/join-component-1.1.0.tgz#b8417b750661a392bee2c2537c68b2a9d4977cd5"
  integrity sha1-uEF7dQZho5K+4sJTfGiyqdSXfNU=

lodash.isstring@^4.0.1:
  version "4.0.1"
  resolved "https://registry.yarnpkg.com/lodash.isstring/-/lodash.isstring-4.0.1.tgz#d527dfb5456eca7cc9bb95d5daeaf88ba54a5451"
  integrity sha1-1SfftUVuynzJu5XV2ur4i6VKVFE=

md5@^2.2.1:
  version "2.2.1"
  resolved "https://registry.yarnpkg.com/md5/-/md5-2.2.1.tgz#53ab38d5fe3c8891ba465329ea23fac0540126f9"
  integrity sha1-U6s41f48iJG6RlMp6iP6wFQBJvk=
  dependencies:
    charenc "~0.0.1"
    crypt "~0.0.1"
    is-buffer "~1.1.1"

ms@^2.0.0, ms@^2.1.1:
  version "2.1.1"
  resolved "https://registry.yarnpkg.com/ms/-/ms-2.1.1.tgz#30a5864eb3ebb0a66f2ebe6d727af06a09d86e0a"
  integrity sha512-tgp+dl5cGk28utYktBsrFqA7HKgrhgPsg6Z/EfhWI4gl1Hwq8B/GmY/0oXZ6nF8hDVesS/FpnYaD/kOWhYQvyg==

remove-trailing-slash@^0.1.0:
  version "0.1.0"
  resolved "https://registry.yarnpkg.com/remove-trailing-slash/-/remove-trailing-slash-0.1.0.tgz#1498e5df0984c27e49b76ebf06887ca2d01150d2"
  integrity sha1-FJjl3wmEwn5Jt26/Boh8otARUNI=

uuid@^3.2.1:
  version "3.3.2"
  resolved "https://registry.yarnpkg.com/uuid/-/uuid-3.3.2.tgz#1b4af4955eb3077c501c23872fc6513811587131"
  integrity sha512-yXJmeNaw3DnnKAOKJE51sL/ZaYfWJRl1pK9dr19YFCu0ObS231AB1/LbqTKRAQ5kw8A90rA6fr4riOUpTZvQZA==
